
Microsoft Visual Studio Solution File, Format Version 12.00
# Visual Studio 14
VisualStudioVersion = 14.0.24720.0
MinimumVisualStudioVersion = 10.0.40219.1
Project("{FAE04EC0-301F-11D3-BF4B-00C04F79EFBC}") = "pushstarter-ios-app", "pushstarter-ios-app\pushstarter-ios-app.csproj", "{EE59A301-69E8-4C3A-84B8-0A8FD56C1285}"
EndProject
Global
	GlobalSection(SolutionConfigurationPlatforms) = preSolution
		Debug|iPhone = Debug|iPhone
		Debug|iPhoneSimulator = Debug|iPhoneSimulator
		Release|iPhone = Release|iPhone
		Release|iPhoneSimulator = Release|iPhoneSimulator
	EndGlobalSection
	GlobalSection(ProjectConfigurationPlatforms) = postSolution
		{EE59A301-69E8-4C3A-84B8-0A8FD56C1285}.Debug|iPhone.ActiveCfg = Debug|iPhone
		{EE59A301-69E8-4C3A-84B8-0A8FD56C1285}.Debug|iPhone.Build.0 = Debug|iPhone
		{EE59A301-69E8-4C3A-84B8-0A8FD56C1285}.Debug|iPhoneSimulator.ActiveCfg = Debug|iPhoneSimulator
		{EE59A301-69E8-4C3A-84B8-0A8FD56C1285}.Debug|iPhoneSimulator.Build.0 = Debug|iPhoneSimulator
		{EE59A301-69E8-4C3A-84B8-0A8FD56C1285}.Release|iPhone.ActiveCfg = Release|iPhone
		{EE59A301-69E8-4C3A-84B8-0A8FD56C1285}.Release|iPhone.Build.0 = Release|iPhone
		{EE59A301-69E8-4C3A-84B8-0A8FD56C1285}.Release|iPhoneSimulator.ActiveCfg = Release|iPhoneSimulator
		{EE59A301-69E8-4C3A-84B8-0A8FD56C1285}.Release|iPhoneSimulator.Build.0 = Release|iPhoneSimulator
	EndGlobalSection
	GlobalSection(SolutionProperties) = preSolution
		HideSolutionNode = FALSE
	EndGlobalSection
EndGlobal
